
Microsoft Visual Studio Solution File, Format Version 12.00
# Visual Studio Version 17
VisualStudioVersion = 17.10.35201.131
MinimumVisualStudioVersion = 10.0.40219.1
Project("{9A19103F-16F7-4668-BE54-9A1E7A4F7556}") = "ProjetoTemplate.API", "ProjetoTemplate.API\ProjetoTemplate.API.csproj", "{BD1D3F86-1D12-47ED-AC8D-2E565A28F6F9}"
EndProject
Project("{9A19103F-16F7-4668-BE54-9A1E7A4F7556}") = "ProjetoTemplate.BL", "ProjetoTemplate.BL\ProjetoTemplate.BL.csproj", "{EC264A45-A6BA-4FDF-9F0E-4A2CF85ED572}"
EndProject
Project("{9A19103F-16F7-4668-BE54-9A1E7A4F7556}") = "ProjetoTemplate.Domain", "ProjetoTemplate.Domain\ProjetoTemplate.Domain.csproj", "{E16EFCCA-C9DB-4F75-82C3-19D3311803DD}"
EndProject
Project("{9A19103F-16F7-4668-BE54-9A1E7A4F7556}") = "ProjetoTemplate.Repository", "ProjetoTemplate.Repository\ProjetoTemplate.Repository.csproj", "{D12FE228-16E4-47BD-A0EE-ECC6359087D1}"
EndProject
Global
	GlobalSection(SolutionConfigurationPlatforms) = preSolution
		Debug|Any CPU = Debug|Any CPU
		Release|Any CPU = Release|Any CPU
	EndGlobalSection
	GlobalSection(ProjectConfigurationPlatforms) = postSolution
		{BD1D3F86-1D12-47ED-AC8D-2E565A28F6F9}.Debug|Any CPU.ActiveCfg = Debug|Any CPU
		{BD1D3F86-1D12-47ED-AC8D-2E565A28F6F9}.Debug|Any CPU.Build.0 = Debug|Any CPU
		{BD1D3F86-1D12-47ED-AC8D-2E565A28F6F9}.Release|Any CPU.ActiveCfg = Release|Any CPU
		{BD1D3F86-1D12-47ED-AC8D-2E565A28F6F9}.Release|Any CPU.Build.0 = Release|Any CPU
		{EC264A45-A6BA-4FDF-9F0E-4A2CF85ED572}.Debug|Any CPU.ActiveCfg = Debug|Any CPU
		{EC264A45-A6BA-4FDF-9F0E-4A2CF85ED572}.Debug|Any CPU.Build.0 = Debug|Any CPU
		{EC264A45-A6BA-4FDF-9F0E-4A2CF85ED572}.Release|Any CPU.ActiveCfg = Release|Any CPU
		{EC264A45-A6BA-4FDF-9F0E-4A2CF85ED572}.Release|Any CPU.Build.0 = Release|Any CPU
		{E16EFCCA-C9DB-4F75-82C3-19D3311803DD}.Debug|Any CPU.ActiveCfg = Debug|Any CPU
		{E16EFCCA-C9DB-4F75-82C3-19D3311803DD}.Debug|Any CPU.Build.0 = Debug|Any CPU
		{E16EFCCA-C9DB-4F75-82C3-19D3311803DD}.Release|Any CPU.ActiveCfg = Release|Any CPU
		{E16EFCCA-C9DB-4F75-82C3-19D3311803DD}.Release|Any CPU.Build.0 = Release|Any CPU
		{D12FE228-16E4-47BD-A0EE-ECC6359087D1}.Debug|Any CPU.ActiveCfg = Debug|Any CPU
		{D12FE228-16E4-47BD-A0EE-ECC6359087D1}.Debug|Any CPU.Build.0 = Debug|Any CPU
		{D12FE228-16E4-47BD-A0EE-ECC6359087D1}.Release|Any CPU.ActiveCfg = Release|Any CPU
		{D12FE228-16E4-47BD-A0EE-ECC6359087D1}.Release|Any CPU.Build.0 = Release|Any CPU
	EndGlobalSection
	GlobalSection(SolutionProperties) = preSolution
		HideSolutionNode = FALSE
	EndGlobalSection
EndGlobal
